// !$*UTF8*$!
{
	archiveVersion = 1;
	classes = {
	};
	objectVersion = 56;
	objects = {

/* Begin PBXBuildFile section */
		2A1502BD2BFA4F2E00F4AD0D /* ColorExtension.swift in Sources */ = {isa = PBXBuildFile; fileRef = 2A1502BC2BFA4F2E00F4AD0D /* ColorExtension.swift */; };
		2A1502C12BFA5B0800F4AD0D /* NavigationBar.swift in Sources */ = {isa = PBXBuildFile; fileRef = 2A1502C02BFA5B0800F4AD0D /* NavigationBar.swift */; };
		2A3302A62BF9F9EB00AE8EE8 /* HomeView.swift in Sources */ = {isa = PBXBuildFile; fileRef = 2A3302A52BF9F9EB00AE8EE8 /* HomeView.swift */; };
		2A44B0F82C21A65E007CA6D7 /* Alamofire in Frameworks */ = {isa = PBXBuildFile; productRef = 2A44B0F72C21A65E007CA6D7 /* Alamofire */; };
		2A44B0FA2C21A65E007CA6D7 /* AlamofireDynamic in Frameworks */ = {isa = PBXBuildFile; productRef = 2A44B0F92C21A65E007CA6D7 /* AlamofireDynamic */; };
		2A44B0FD2C21A6E4007CA6D7 /* BaseUrl.swift in Sources */ = {isa = PBXBuildFile; fileRef = 2A44B0FC2C21A6E4007CA6D7 /* BaseUrl.swift */; };
		2A44B1012C21BA70007CA6D7 /* ResMedicalService.swift in Sources */ = {isa = PBXBuildFile; fileRef = 2A44B1002C21BA70007CA6D7 /* ResMedicalService.swift */; };
		2A44B1032C21BB3C007CA6D7 /* MedicalServiceRepository.swift in Sources */ = {isa = PBXBuildFile; fileRef = 2A44B1022C21BB3C007CA6D7 /* MedicalServiceRepository.swift */; };
		2A6E61D82BEF2897007AECEE /* FirstAppApp.swift in Sources */ = {isa = PBXBuildFile; fileRef = 2A6E61D72BEF2897007AECEE /* FirstAppApp.swift */; };
		2A6E61DA2BEF2897007AECEE /* RegisterView.swift in Sources */ = {isa = PBXBuildFile; fileRef = 2A6E61D92BEF2897007AECEE /* RegisterView.swift */; };
		2A6E61DC2BEF2898007AECEE /* Assets.xcassets in Resources */ = {isa = PBXBuildFile; fileRef = 2A6E61DB2BEF2898007AECEE /* Assets.xcassets */; };
		2A6E61E92BEF2898007AECEE /* FirstAppTests.swift in Sources */ = {isa = PBXBuildFile; fileRef = 2A6E61E82BEF2898007AECEE /* FirstAppTests.swift */; };
		2A6E61F32BEF2898007AECEE /* FirstAppUITests.swift in Sources */ = {isa = PBXBuildFile; fileRef = 2A6E61F22BEF2898007AECEE /* FirstAppUITests.swift */; };
		2A6E61F52BEF2898007AECEE /* FirstAppUITestsLaunchTests.swift in Sources */ = {isa = PBXBuildFile; fileRef = 2A6E61F42BEF2898007AECEE /* FirstAppUITestsLaunchTests.swift */; };
		2AB177572BEF455400BDAB45 /* Inject in Frameworks */ = {isa = PBXBuildFile; productRef = 2AB177562BEF455400BDAB45 /* Inject */; };
		2AB1775B2BEF51F000BDAB45 /* MapView.swift in Sources */ = {isa = PBXBuildFile; fileRef = 2AB1775A2BEF51F000BDAB45 /* MapView.swift */; };
		2ABF26872BF08A0300E167F2 /* SwiftSVG in Frameworks */ = {isa = PBXBuildFile; productRef = 2ABF26862BF08A0300E167F2 /* SwiftSVG */; };
		2AC991A22C1C76BD00AFB941 /* UserRepository.swift in Sources */ = {isa = PBXBuildFile; fileRef = 2AC991A12C1C76BD00AFB941 /* UserRepository.swift */; };
		2AC991A42C1C76C900AFB941 /* UserModel.swift in Sources */ = {isa = PBXBuildFile; fileRef = 2AC991A32C1C76C900AFB941 /* UserModel.swift */; };
		2ACE55B12C037A880055A5E3 /* PresenceItemWidget.swift in Sources */ = {isa = PBXBuildFile; fileRef = 2ACE55B02C037A880055A5E3 /* PresenceItemWidget.swift */; };
		2AF5343B2C02DD0C00464D4D /* AttendanceWidget.swift in Sources */ = {isa = PBXBuildFile; fileRef = 2AF5343A2C02DD0C00464D4D /* AttendanceWidget.swift */; };
		2AF5900A2BF02A6C00F5D1BC /* LoginView.swift in Sources */ = {isa = PBXBuildFile; fileRef = 2AF590092BF02A6C00F5D1BC /* LoginView.swift */; };
		2AFE8CD12C0297EB006DF51D /* PresenceView.swift in Sources */ = {isa = PBXBuildFile; fileRef = 2AFE8CD02C0297EB006DF51D /* PresenceView.swift */; };
		2AFE8CD42C02981C006DF51D /* OperationScheduleView.swift in Sources */ = {isa = PBXBuildFile; fileRef = 2AFE8CD32C02981C006DF51D /* OperationScheduleView.swift */; };
		2AFE8CD72C0298AC006DF51D /* MedicalServiceView.swift in Sources */ = {isa = PBXBuildFile; fileRef = 2AFE8CD62C0298AC006DF51D /* MedicalServiceView.swift */; };
		2AFE8CDA2C0298DA006DF51D /* ProfileView.swift in Sources */ = {isa = PBXBuildFile; fileRef = 2AFE8CD92C0298DA006DF51D /* ProfileView.swift */; };
		2AFE8CDD2C029CD9006DF51D /* CardModels.swift in Sources */ = {isa = PBXBuildFile; fileRef = 2AFE8CDC2C029CD9006DF51D /* CardModels.swift */; };
		2AFE8CE02C029D12006DF51D /* CustomCard.swift in Sources */ = {isa = PBXBuildFile; fileRef = 2AFE8CDF2C029D12006DF51D /* CustomCard.swift */; };
/* End PBXBuildFile section */

/* Begin PBXContainerItemProxy section */
		2A6E61E52BEF2898007AECEE /* PBXContainerItemProxy */ = {
			isa = PBXContainerItemProxy;
			containerPortal = 2A6E61CC2BEF2897007AECEE /* Project object */;
			proxyType = 1;
			remoteGlobalIDString = 2A6E61D32BEF2897007AECEE;
			remoteInfo = FirstApp;
		};
		2A6E61EF2BEF2898007AECEE /* PBXContainerItemProxy */ = {
			isa = PBXContainerItemProxy;
			containerPortal = 2A6E61CC2BEF2897007AECEE /* Project object */;
			proxyType = 1;
			remoteGlobalIDString = 2A6E61D32BEF2897007AECEE;
			remoteInfo = FirstApp;
		};
/* End PBXContainerItemProxy section */

/* Begin PBXFileReference section */
		2A1502BC2BFA4F2E00F4AD0D /* ColorExtension.swift */ = {isa = PBXFileReference; lastKnownFileType = sourcecode.swift; path = ColorExtension.swift; sourceTree = "<group>"; };
		2A1502C02BFA5B0800F4AD0D /* NavigationBar.swift */ = {isa = PBXFileReference; lastKnownFileType = sourcecode.swift; path = NavigationBar.swift; sourceTree = "<group>"; };
		2A3302A52BF9F9EB00AE8EE8 /* HomeView.swift */ = {isa = PBXFileReference; lastKnownFileType = sourcecode.swift; path = HomeView.swift; sourceTree = "<group>"; };
		2A44B0FC2C21A6E4007CA6D7 /* BaseUrl.swift */ = {isa = PBXFileReference; lastKnownFileType = sourcecode.swift; path = BaseUrl.swift; sourceTree = "<group>"; };
		2A44B1002C21BA70007CA6D7 /* ResMedicalService.swift */ = {isa = PBXFileReference; lastKnownFileType = sourcecode.swift; path = ResMedicalService.swift; sourceTree = "<group>"; };
		2A44B1022C21BB3C007CA6D7 /* MedicalServiceRepository.swift */ = {isa = PBXFileReference; lastKnownFileType = sourcecode.swift; path = MedicalServiceRepository.swift; sourceTree = "<group>"; };
		2A6E61D42BEF2897007AECEE /* FirstApp.app */ = {isa = PBXFileReference; explicitFileType = wrapper.application; includeInIndex = 0; path = FirstApp.app; sourceTree = BUILT_PRODUCTS_DIR; };
		2A6E61D72BEF2897007AECEE /* FirstAppApp.swift */ = {isa = PBXFileReference; lastKnownFileType = sourcecode.swift; path = FirstAppApp.swift; sourceTree = "<group>"; };
		2A6E61D92BEF2897007AECEE /* RegisterView.swift */ = {isa = PBXFileReference; lastKnownFileType = sourcecode.swift; path = RegisterView.swift; sourceTree = "<group>"; };
		2A6E61DB2BEF2898007AECEE /* Assets.xcassets */ = {isa = PBXFileReference; lastKnownFileType = folder.assetcatalog; path = Assets.xcassets; sourceTree = "<group>"; };
		2A6E61E42BEF2898007AECEE /* FirstAppTests.xctest */ = {isa = PBXFileReference; explicitFileType = wrapper.cfbundle; includeInIndex = 0; path = FirstAppTests.xctest; sourceTree = BUILT_PRODUCTS_DIR; };
		2A6E61E82BEF2898007AECEE /* FirstAppTests.swift */ = {isa = PBXFileReference; lastKnownFileType = sourcecode.swift; path = FirstAppTests.swift; sourceTree = "<group>"; };
		2A6E61EE2BEF2898007AECEE /* FirstAppUITests.xctest */ = {isa = PBXFileReference; explicitFileType = wrapper.cfbundle; includeInIndex = 0; path = FirstAppUITests.xctest; sourceTree = BUILT_PRODUCTS_DIR; };
		2A6E61F22BEF2898007AECEE /* FirstAppUITests.swift */ = {isa = PBXFileReference; lastKnownFileType = sourcecode.swift; path = FirstAppUITests.swift; sourceTree = "<group>"; };
		2A6E61F42BEF2898007AECEE /* FirstAppUITestsLaunchTests.swift */ = {isa = PBXFileReference; lastKnownFileType = sourcecode.swift; path = FirstAppUITestsLaunchTests.swift; sourceTree = "<group>"; };
		2AB1775A2BEF51F000BDAB45 /* MapView.swift */ = {isa = PBXFileReference; lastKnownFileType = sourcecode.swift; path = MapView.swift; sourceTree = "<group>"; };
		2AC991A12C1C76BD00AFB941 /* UserRepository.swift */ = {isa = PBXFileReference; lastKnownFileType = sourcecode.swift; path = UserRepository.swift; sourceTree = "<group>"; };
		2AC991A32C1C76C900AFB941 /* UserModel.swift */ = {isa = PBXFileReference; lastKnownFileType = sourcecode.swift; path = UserModel.swift; sourceTree = "<group>"; };
		2ACE55B02C037A880055A5E3 /* PresenceItemWidget.swift */ = {isa = PBXFileReference; lastKnownFileType = sourcecode.swift; path = PresenceItemWidget.swift; sourceTree = "<group>"; };
		2AF5343A2C02DD0C00464D4D /* AttendanceWidget.swift */ = {isa = PBXFileReference; lastKnownFileType = sourcecode.swift; path = AttendanceWidget.swift; sourceTree = "<group>"; };
		2AF590092BF02A6C00F5D1BC /* LoginView.swift */ = {isa = PBXFileReference; lastKnownFileType = sourcecode.swift; path = LoginView.swift; sourceTree = "<group>"; };
		2AFE8CD02C0297EB006DF51D /* PresenceView.swift */ = {isa = PBXFileReference; lastKnownFileType = sourcecode.swift; path = PresenceView.swift; sourceTree = "<group>"; };
		2AFE8CD32C02981C006DF51D /* OperationScheduleView.swift */ = {isa = PBXFileReference; lastKnownFileType = sourcecode.swift; path = OperationScheduleView.swift; sourceTree = "<group>"; };
		2AFE8CD62C0298AC006DF51D /* MedicalServiceView.swift */ = {isa = PBXFileReference; lastKnownFileType = sourcecode.swift; path = MedicalServiceView.swift; sourceTree = "<group>"; };
		2AFE8CD92C0298DA006DF51D /* ProfileView.swift */ = {isa = PBXFileReference; lastKnownFileType = sourcecode.swift; path = ProfileView.swift; sourceTree = "<group>"; };
		2AFE8CDC2C029CD9006DF51D /* CardModels.swift */ = {isa = PBXFileReference; lastKnownFileType = sourcecode.swift; path = CardModels.swift; sourceTree = "<group>"; };
		2AFE8CDF2C029D12006DF51D /* CustomCard.swift */ = {isa = PBXFileReference; lastKnownFileType = sourcecode.swift; path = CustomCard.swift; sourceTree = "<group>"; };
/* End PBXFileReference section */

/* Begin PBXFrameworksBuildPhase section */
		2A6E61D12BEF2897007AECEE /* Frameworks */ = {
			isa = PBXFrameworksBuildPhase;
			buildActionMask = 2147483647;
			files = (
				2A44B0F82C21A65E007CA6D7 /* Alamofire in Frameworks */,
				2A44B0FA2C21A65E007CA6D7 /* AlamofireDynamic in Frameworks */,
				2AB177572BEF455400BDAB45 /* Inject in Frameworks */,
				2ABF26872BF08A0300E167F2 /* SwiftSVG in Frameworks */,
			);
			runOnlyForDeploymentPostprocessing = 0;
		};
		2A6E61E12BEF2898007AECEE /* Frameworks */ = {
			isa = PBXFrameworksBuildPhase;
			buildActionMask = 2147483647;
			files = (
			);
			runOnlyForDeploymentPostprocessing = 0;
		};
		2A6E61EB2BEF2898007AECEE /* Frameworks */ = {
			isa = PBXFrameworksBuildPhase;
			buildActionMask = 2147483647;
			files = (
			);
			runOnlyForDeploymentPostprocessing = 0;
		};
/* End PBXFrameworksBuildPhase section */

/* Begin PBXGroup section */
		2A44B0FB2C21A6D8007CA6D7 /* Constant */ = {
			isa = PBXGroup;
			children = (
				2A44B0FC2C21A6E4007CA6D7 /* BaseUrl.swift */,
			);
			path = Constant;
			sourceTree = "<group>";
		};
		2A44B0FE2C21BA25007CA6D7 /* Models */ = {
			isa = PBXGroup;
			children = (
				2A44B1002C21BA70007CA6D7 /* ResMedicalService.swift */,
			);
			path = Models;
			sourceTree = "<group>";
		};
		2A44B0FF2C21BA2C007CA6D7 /* Repository */ = {
			isa = PBXGroup;
			children = (
				2A44B1022C21BB3C007CA6D7 /* MedicalServiceRepository.swift */,
			);
			path = Repository;
			sourceTree = "<group>";
		};
		2A6E61CB2BEF2897007AECEE = {
			isa = PBXGroup;
			children = (
				2A6E61D62BEF2897007AECEE /* FirstApp */,
				2A6E61E72BEF2898007AECEE /* FirstAppTests */,
				2A6E61F12BEF2898007AECEE /* FirstAppUITests */,
				2A6E61D52BEF2897007AECEE /* Products */,
			);
			sourceTree = "<group>";
		};
		2A6E61D52BEF2897007AECEE /* Products */ = {
			isa = PBXGroup;
			children = (
				2A6E61D42BEF2897007AECEE /* FirstApp.app */,
				2A6E61E42BEF2898007AECEE /* FirstAppTests.xctest */,
				2A6E61EE2BEF2898007AECEE /* FirstAppUITests.xctest */,
			);
			name = Products;
			sourceTree = "<group>";
		};
		2A6E61D62BEF2897007AECEE /* FirstApp */ = {
			isa = PBXGroup;
			children = (
				2A44B0FB2C21A6D8007CA6D7 /* Constant */,
				2AFE8CD82C0298C8006DF51D /* Profile */,
				2AFE8CD52C029899006DF51D /* MedicalService */,
				2AFE8CD22C02980C006DF51D /* Operation */,
				2AFE8CCF2C0297CC006DF51D /* Presence */,
				2AFE8CCE2C0297B1006DF51D /* Home */,
				2A6E61D72BEF2897007AECEE /* FirstAppApp.swift */,
				2A6E61D92BEF2897007AECEE /* RegisterView.swift */,
				2A6E61DB2BEF2898007AECEE /* Assets.xcassets */,
				2AB1775A2BEF51F000BDAB45 /* MapView.swift */,
				2AF590092BF02A6C00F5D1BC /* LoginView.swift */,
				2A1502BC2BFA4F2E00F4AD0D /* ColorExtension.swift */,
				2A1502C02BFA5B0800F4AD0D /* NavigationBar.swift */,
			);
			path = FirstApp;
			sourceTree = "<group>";
		};
		2A6E61E72BEF2898007AECEE /* FirstAppTests */ = {
			isa = PBXGroup;
			children = (
				2A6E61E82BEF2898007AECEE /* FirstAppTests.swift */,
			);
			path = FirstAppTests;
			sourceTree = "<group>";
		};
		2A6E61F12BEF2898007AECEE /* FirstAppUITests */ = {
			isa = PBXGroup;
			children = (
				2A6E61F22BEF2898007AECEE /* FirstAppUITests.swift */,
				2A6E61F42BEF2898007AECEE /* FirstAppUITestsLaunchTests.swift */,
			);
			path = FirstAppUITests;
			sourceTree = "<group>";
		};
		2AC9919F2C1C769600AFB941 /* Models */ = {
			isa = PBXGroup;
			children = (
				2AC991A32C1C76C900AFB941 /* UserModel.swift */,
			);
			path = Models;
			sourceTree = "<group>";
		};
		2AC991A02C1C769D00AFB941 /* Repository */ = {
			isa = PBXGroup;
			children = (
				2AC991A12C1C76BD00AFB941 /* UserRepository.swift */,
			);
			path = Repository;
			sourceTree = "<group>";
		};
		2ACE55AF2C037A750055A5E3 /* widgets */ = {
			isa = PBXGroup;
			children = (
				2ACE55B02C037A880055A5E3 /* PresenceItemWidget.swift */,
			);
			path = widgets;
			sourceTree = "<group>";
		};
		2AFE8CCE2C0297B1006DF51D /* Home */ = {
			isa = PBXGroup;
			children = (
				2AFE8CDE2C029CFC006DF51D /* CustomWidget */,
				2AFE8CDB2C029CC7006DF51D /* Models */,
				2A3302A52BF9F9EB00AE8EE8 /* HomeView.swift */,
			);
			path = Home;
			sourceTree = "<group>";
		};
		2AFE8CCF2C0297CC006DF51D /* Presence */ = {
			isa = PBXGroup;
			children = (
				2ACE55AF2C037A750055A5E3 /* widgets */,
				2AFE8CD02C0297EB006DF51D /* PresenceView.swift */,
			);
			path = Presence;
			sourceTree = "<group>";
		};
		2AFE8CD22C02980C006DF51D /* Operation */ = {
			isa = PBXGroup;
			children = (
				2AC991A02C1C769D00AFB941 /* Repository */,
				2AC9919F2C1C769600AFB941 /* Models */,
				2AFE8CD32C02981C006DF51D /* OperationScheduleView.swift */,
			);
			path = Operation;
			sourceTree = "<group>";
		};
		2AFE8CD52C029899006DF51D /* MedicalService */ = {
			isa = PBXGroup;
			children = (
				2A44B0FF2C21BA2C007CA6D7 /* Repository */,
				2A44B0FE2C21BA25007CA6D7 /* Models */,
				2AFE8CD62C0298AC006DF51D /* MedicalServiceView.swift */,
			);
			path = MedicalService;
			sourceTree = "<group>";
		};
		2AFE8CD82C0298C8006DF51D /* Profile */ = {
			isa = PBXGroup;
			children = (
				2AFE8CD92C0298DA006DF51D /* ProfileView.swift */,
			);
			path = Profile;
			sourceTree = "<group>";
		};
		2AFE8CDB2C029CC7006DF51D /* Models */ = {
			isa = PBXGroup;
			children = (
				2AFE8CDC2C029CD9006DF51D /* CardModels.swift */,
			);
			path = Models;
			sourceTree = "<group>";
		};
		2AFE8CDE2C029CFC006DF51D /* CustomWidget */ = {
			isa = PBXGroup;
			children = (
				2AFE8CDF2C029D12006DF51D /* CustomCard.swift */,
				2AF5343A2C02DD0C00464D4D /* AttendanceWidget.swift */,
			);
			path = CustomWidget;
			sourceTree = "<group>";
		};
/* End PBXGroup section */

/* Begin PBXNativeTarget section */
		2A6E61D32BEF2897007AECEE /* FirstApp */ = {
			isa = PBXNativeTarget;
			buildConfigurationList = 2A6E61F82BEF2898007AECEE /* Build configuration list for PBXNativeTarget "FirstApp" */;
			buildPhases = (
				2A6E61D02BEF2897007AECEE /* Sources */,
				2A6E61D12BEF2897007AECEE /* Frameworks */,
				2A6E61D22BEF2897007AECEE /* Resources */,
			);
			buildRules = (
			);
			dependencies = (
			);
			name = FirstApp;
			packageProductDependencies = (
				2AB177562BEF455400BDAB45 /* Inject */,
				2ABF26862BF08A0300E167F2 /* SwiftSVG */,
				2A44B0F72C21A65E007CA6D7 /* Alamofire */,
				2A44B0F92C21A65E007CA6D7 /* AlamofireDynamic */,
			);
			productName = FirstApp;
			productReference = 2A6E61D42BEF2897007AECEE /* FirstApp.app */;
			productType = "com.apple.product-type.application";
		};
		2A6E61E32BEF2898007AECEE /* FirstAppTests */ = {
			isa = PBXNativeTarget;
			buildConfigurationList = 2A6E61FB2BEF2898007AECEE /* Build configuration list for PBXNativeTarget "FirstAppTests" */;
			buildPhases = (
				2A6E61E02BEF2898007AECEE /* Sources */,
				2A6E61E12BEF2898007AECEE /* Frameworks */,
				2A6E61E22BEF2898007AECEE /* Resources */,
			);
			buildRules = (
			);
			dependencies = (
				2A6E61E62BEF2898007AECEE /* PBXTargetDependency */,
			);
			name = FirstAppTests;
			productName = FirstAppTests;
			productReference = 2A6E61E42BEF2898007AECEE /* FirstAppTests.xctest */;
			productType = "com.apple.product-type.bundle.unit-test";
		};
		2A6E61ED2BEF2898007AECEE /* FirstAppUITests */ = {
			isa = PBXNativeTarget;
			buildConfigurationList = 2A6E61FE2BEF2898007AECEE /* Build configuration list for PBXNativeTarget "FirstAppUITests" */;
			buildPhases = (
				2A6E61EA2BEF2898007AECEE /* Sources */,
				2A6E61EB2BEF2898007AECEE /* Frameworks */,
				2A6E61EC2BEF2898007AECEE /* Resources */,
			);
			buildRules = (
			);
			dependencies = (
				2A6E61F02BEF2898007AECEE /* PBXTargetDependency */,
			);
			name = FirstAppUITests;
			productName = FirstAppUITests;
			productReference = 2A6E61EE2BEF2898007AECEE /* FirstAppUITests.xctest */;
			productType = "com.apple.product-type.bundle.ui-testing";
		};
/* End PBXNativeTarget section */

/* Begin PBXProject section */
		2A6E61CC2BEF2897007AECEE /* Project object */ = {
			isa = PBXProject;
			attributes = {
				BuildIndependentTargetsInParallel = 1;
				LastSwiftUpdateCheck = 1530;
				LastUpgradeCheck = 1530;
				TargetAttributes = {
					2A6E61D32BEF2897007AECEE = {
						CreatedOnToolsVersion = 15.3;
					};
					2A6E61E32BEF2898007AECEE = {
						CreatedOnToolsVersion = 15.3;
						TestTargetID = 2A6E61D32BEF2897007AECEE;
					};
					2A6E61ED2BEF2898007AECEE = {
						CreatedOnToolsVersion = 15.3;
						TestTargetID = 2A6E61D32BEF2897007AECEE;
					};
				};
			};
			buildConfigurationList = 2A6E61CF2BEF2897007AECEE /* Build configuration list for PBXProject "FirstApp" */;
			compatibilityVersion = "Xcode 14.0";
			developmentRegion = en;
			hasScannedForEncodings = 0;
			knownRegions = (
				en,
				Base,
			);
			mainGroup = 2A6E61CB2BEF2897007AECEE;
			packageReferences = (
				2AB177552BEF455400BDAB45 /* XCRemoteSwiftPackageReference "Inject" */,
				2ABF26852BF08A0300E167F2 /* XCRemoteSwiftPackageReference "SwiftSVG" */,
				2A44B0F62C21A65E007CA6D7 /* XCRemoteSwiftPackageReference "Alamofire" */,
			);
			productRefGroup = 2A6E61D52BEF2897007AECEE /* Products */;
			projectDirPath = "";
			projectRoot = "";
			targets = (
				2A6E61D32BEF2897007AECEE /* FirstApp */,
				2A6E61E32BEF2898007AECEE /* FirstAppTests */,
				2A6E61ED2BEF2898007AECEE /* FirstAppUITests */,
			);
		};
/* End PBXProject section */

/* Begin PBXResourcesBuildPhase section */
		2A6E61D22BEF2897007AECEE /* Resources */ = {
			isa = PBXResourcesBuildPhase;
			buildActionMask = 2147483647;
			files = (
				2A6E61DC2BEF2898007AECEE /* Assets.xcassets in Resources */,
			);
			runOnlyForDeploymentPostprocessing = 0;
		};
		2A6E61E22BEF2898007AECEE /* Resources */ = {
			isa = PBXResourcesBuildPhase;
			buildActionMask = 2147483647;
			files = (
			);
			runOnlyForDeploymentPostprocessing = 0;
		};
		2A6E61EC2BEF2898007AECEE /* Resources */ = {
			isa = PBXResourcesBuildPhase;
			buildActionMask = 2147483647;
			files = (
			);
			runOnlyForDeploymentPostprocessing = 0;
		};
/* End PBXResourcesBuildPhase section */

/* Begin PBXSourcesBuildPhase section */
		2A6E61D02BEF2897007AECEE /* Sources */ = {
			isa = PBXSourcesBuildPhase;
			buildActionMask = 2147483647;
			files = (
				2AFE8CE02C029D12006DF51D /* CustomCard.swift in Sources */,
				2A44B1032C21BB3C007CA6D7 /* MedicalServiceRepository.swift in Sources */,
				2A6E61DA2BEF2897007AECEE /* RegisterView.swift in Sources */,
				2AFE8CDD2C029CD9006DF51D /* CardModels.swift in Sources */,
				2AF5900A2BF02A6C00F5D1BC /* LoginView.swift in Sources */,
				2A44B0FD2C21A6E4007CA6D7 /* BaseUrl.swift in Sources */,
				2AB1775B2BEF51F000BDAB45 /* MapView.swift in Sources */,
				2ACE55B12C037A880055A5E3 /* PresenceItemWidget.swift in Sources */,
				2A1502BD2BFA4F2E00F4AD0D /* ColorExtension.swift in Sources */,
				2A1502C12BFA5B0800F4AD0D /* NavigationBar.swift in Sources */,
				2AC991A42C1C76C900AFB941 /* UserModel.swift in Sources */,
				2A44B1012C21BA70007CA6D7 /* ResMedicalService.swift in Sources */,
				2AFE8CD12C0297EB006DF51D /* PresenceView.swift in Sources */,
				2AFE8CD72C0298AC006DF51D /* MedicalServiceView.swift in Sources */,
				2A3302A62BF9F9EB00AE8EE8 /* HomeView.swift in Sources */,
				2AF5343B2C02DD0C00464D4D /* AttendanceWidget.swift in Sources */,
				2AFE8CD42C02981C006DF51D /* OperationScheduleView.swift in Sources */,
				2AFE8CDA2C0298DA006DF51D /* ProfileView.swift in Sources */,
				2AC991A22C1C76BD00AFB941 /* UserRepository.swift in Sources */,
				2A6E61D82BEF2897007AECEE /* FirstAppApp.swift in Sources */,
			);
			runOnlyForDeploymentPostprocessing = 0;
		};
		2A6E61E02BEF2898007AECEE /* Sources */ = {
			isa = PBXSourcesBuildPhase;
			buildActionMask = 2147483647;
			files = (
				2A6E61E92BEF2898007AECEE /* FirstAppTests.swift in Sources */,
			);
			runOnlyForDeploymentPostprocessing = 0;
		};
		2A6E61EA2BEF2898007AECEE /* Sources */ = {
			isa = PBXSourcesBuildPhase;
			buildActionMask = 2147483647;
			files = (
				2A6E61F52BEF2898007AECEE /* FirstAppUITestsLaunchTests.swift in Sources */,
				2A6E61F32BEF2898007AECEE /* FirstAppUITests.swift in Sources */,
			);
			runOnlyForDeploymentPostprocessing = 0;
		};
/* End PBXSourcesBuildPhase section */

/* Begin PBXTargetDependency section */
		2A6E61E62BEF2898007AECEE /* PBXTargetDependency */ = {
			isa = PBXTargetDependency;
			target = 2A6E61D32BEF2897007AECEE /* FirstApp */;
			targetProxy = 2A6E61E52BEF2898007AECEE /* PBXContainerItemProxy */;
		};
		2A6E61F02BEF2898007AECEE /* PBXTargetDependency */ = {
			isa = PBXTargetDependency;
			target = 2A6E61D32BEF2897007AECEE /* FirstApp */;
			targetProxy = 2A6E61EF2BEF2898007AECEE /* PBXContainerItemProxy */;
		};
/* End PBXTargetDependency section */

/* Begin XCBuildConfiguration section */
		2A6E61F62BEF2898007AECEE /* Debug */ = {
			isa = XCBuildConfiguration;
			buildSettings = {
				ALWAYS_SEARCH_USER_PATHS = NO;
				ASSETCATALOG_COMPILER_GENERATE_SWIFT_ASSET_SYMBOL_EXTENSIONS = YES;
				CLANG_ANALYZER_NONNULL = YES;
				CLANG_ANALYZER_NUMBER_OBJECT_CONVERSION = YES_AGGRESSIVE;
				CLANG_CXX_LANGUAGE_STANDARD = "gnu++20";
				CLANG_ENABLE_MODULES = YES;
				CLANG_ENABLE_OBJC_ARC = YES;
				CLANG_ENABLE_OBJC_WEAK = YES;
				CLANG_WARN_BLOCK_CAPTURE_AUTORELEASING = YES;
				CLANG_WARN_BOOL_CONVERSION = YES;
				CLANG_WARN_COMMA = YES;
				CLANG_WARN_CONSTANT_CONVERSION = YES;
				CLANG_WARN_DEPRECATED_OBJC_IMPLEMENTATIONS = YES;
				CLANG_WARN_DIRECT_OBJC_ISA_USAGE = YES_ERROR;
				CLANG_WARN_DOCUMENTATION_COMMENTS = YES;
				CLANG_WARN_EMPTY_BODY = YES;
				CLANG_WARN_ENUM_CONVERSION = YES;
				CLANG_WARN_INFINITE_RECURSION = YES;
				CLANG_WARN_INT_CONVERSION = YES;
				CLANG_WARN_NON_LITERAL_NULL_CONVERSION = YES;
				CLANG_WARN_OBJC_IMPLICIT_RETAIN_SELF = YES;
				CLANG_WARN_OBJC_LITERAL_CONVERSION = YES;
				CLANG_WARN_OBJC_ROOT_CLASS = YES_ERROR;
				CLANG_WARN_QUOTED_INCLUDE_IN_FRAMEWORK_HEADER = YES;
				CLANG_WARN_RANGE_LOOP_ANALYSIS = YES;
				CLANG_WARN_STRICT_PROTOTYPES = YES;
				CLANG_WARN_SUSPICIOUS_MOVE = YES;
				CLANG_WARN_UNGUARDED_AVAILABILITY = YES_AGGRESSIVE;
				CLANG_WARN_UNREACHABLE_CODE = YES;
				CLANG_WARN__DUPLICATE_METHOD_MATCH = YES;
				COPY_PHASE_STRIP = NO;
				DEBUG_INFORMATION_FORMAT = dwarf;
				ENABLE_STRICT_OBJC_MSGSEND = YES;
				ENABLE_TESTABILITY = YES;
				ENABLE_USER_SCRIPT_SANDBOXING = YES;
				GCC_C_LANGUAGE_STANDARD = gnu17;
				GCC_DYNAMIC_NO_PIC = NO;
				GCC_NO_COMMON_BLOCKS = YES;
				GCC_OPTIMIZATION_LEVEL = 0;
				GCC_PREPROCESSOR_DEFINITIONS = (
					"DEBUG=1",
					"$(inherited)",
				);
				GCC_WARN_64_TO_32_BIT_CONVERSION = YES;
				GCC_WARN_ABOUT_RETURN_TYPE = YES_ERROR;
				GCC_WARN_UNDECLARED_SELECTOR = YES;
				GCC_WARN_UNINITIALIZED_AUTOS = YES_AGGRESSIVE;
				GCC_WARN_UNUSED_FUNCTION = YES;
				GCC_WARN_UNUSED_VARIABLE = YES;
				IPHONEOS_DEPLOYMENT_TARGET = 17.4;
				LOCALIZATION_PREFERS_STRING_CATALOGS = YES;
				MTL_ENABLE_DEBUG_INFO = INCLUDE_SOURCE;
				MTL_FAST_MATH = YES;
				ONLY_ACTIVE_ARCH = YES;
				OTHER_LDFLAGS = "";
				SDKROOT = iphoneos;
				SWIFT_ACTIVE_COMPILATION_CONDITIONS = "DEBUG $(inherited)";
				SWIFT_OPTIMIZATION_LEVEL = "-Onone";
			};
			name = Debug;
		};
		2A6E61F72BEF2898007AECEE /* Release */ = {
			isa = XCBuildConfiguration;
			buildSettings = {
				ALWAYS_SEARCH_USER_PATHS = NO;
				ASSETCATALOG_COMPILER_GENERATE_SWIFT_ASSET_SYMBOL_EXTENSIONS = YES;
				CLANG_ANALYZER_NONNULL = YES;
				CLANG_ANALYZER_NUMBER_OBJECT_CONVERSION = YES_AGGRESSIVE;
				CLANG_CXX_LANGUAGE_STANDARD = "gnu++20";
				CLANG_ENABLE_MODULES = YES;
				CLANG_ENABLE_OBJC_ARC = YES;
				CLANG_ENABLE_OBJC_WEAK = YES;
				CLANG_WARN_BLOCK_CAPTURE_AUTORELEASING = YES;
				CLANG_WARN_BOOL_CONVERSION = YES;
				CLANG_WARN_COMMA = YES;
				CLANG_WARN_CONSTANT_CONVERSION = YES;
				CLANG_WARN_DEPRECATED_OBJC_IMPLEMENTATIONS = YES;
				CLANG_WARN_DIRECT_OBJC_ISA_USAGE = YES_ERROR;
				CLANG_WARN_DOCUMENTATION_COMMENTS = YES;
				CLANG_WARN_EMPTY_BODY = YES;
				CLANG_WARN_ENUM_CONVERSION = YES;
				CLANG_WARN_INFINITE_RECURSION = YES;
				CLANG_WARN_INT_CONVERSION = YES;
				CLANG_WARN_NON_LITERAL_NULL_CONVERSION = YES;
				CLANG_WARN_OBJC_IMPLICIT_RETAIN_SELF = YES;
				CLANG_WARN_OBJC_LITERAL_CONVERSION = YES;
				CLANG_WARN_OBJC_ROOT_CLASS = YES_ERROR;
				CLANG_WARN_QUOTED_INCLUDE_IN_FRAMEWORK_HEADER = YES;
				CLANG_WARN_RANGE_LOOP_ANALYSIS = YES;
				CLANG_WARN_STRICT_PROTOTYPES = YES;
				CLANG_WARN_SUSPICIOUS_MOVE = YES;
				CLANG_WARN_UNGUARDED_AVAILABILITY = YES_AGGRESSIVE;
				CLANG_WARN_UNREACHABLE_CODE = YES;
				CLANG_WARN__DUPLICATE_METHOD_MATCH = YES;
				COPY_PHASE_STRIP = NO;
				DEBUG_INFORMATION_FORMAT = "dwarf-with-dsym";
				ENABLE_NS_ASSERTIONS = NO;
				ENABLE_STRICT_OBJC_MSGSEND = YES;
				ENABLE_USER_SCRIPT_SANDBOXING = YES;
				GCC_C_LANGUAGE_STANDARD = gnu17;
				GCC_NO_COMMON_BLOCKS = YES;
				GCC_WARN_64_TO_32_BIT_CONVERSION = YES;
				GCC_WARN_ABOUT_RETURN_TYPE = YES_ERROR;
				GCC_WARN_UNDECLARED_SELECTOR = YES;
				GCC_WARN_UNINITIALIZED_AUTOS = YES_AGGRESSIVE;
				GCC_WARN_UNUSED_FUNCTION = YES;
				GCC_WARN_UNUSED_VARIABLE = YES;
				IPHONEOS_DEPLOYMENT_TARGET = 17.4;
				LOCALIZATION_PREFERS_STRING_CATALOGS = YES;
				MTL_ENABLE_DEBUG_INFO = NO;
				MTL_FAST_MATH = YES;
				OTHER_LDFLAGS = "";
				SDKROOT = iphoneos;
				SWIFT_COMPILATION_MODE = wholemodule;
				VALIDATE_PRODUCT = YES;
			};
			name = Release;
		};
		2A6E61F92BEF2898007AECEE /* Debug */ = {
			isa = XCBuildConfiguration;
			buildSettings = {
				ASSETCATALOG_COMPILER_APPICON_NAME = AppIcon;
				ASSETCATALOG_COMPILER_GLOBAL_ACCENT_COLOR_NAME = AccentColor;
				CODE_SIGN_STYLE = Automatic;
				CURRENT_PROJECT_VERSION = 1;
				DEVELOPMENT_ASSET_PATHS = "\"FirstApp/Preview Content\"";
				ENABLE_PREVIEWS = NO;
				GENERATE_INFOPLIST_FILE = YES;
				INFOPLIST_KEY_UIApplicationSceneManifest_Generation = YES;
				INFOPLIST_KEY_UIApplicationSupportsIndirectInputEvents = YES;
				INFOPLIST_KEY_UILaunchScreen_Generation = YES;
				INFOPLIST_KEY_UISupportedInterfaceOrientations_iPad = "UIInterfaceOrientationPortrait UIInterfaceOrientationPortraitUpsideDown UIInterfaceOrientationLandscapeLeft UIInterfaceOrientationLandscapeRight";
				INFOPLIST_KEY_UISupportedInterfaceOrientations_iPhone = "UIInterfaceOrientationPortrait UIInterfaceOrientationLandscapeLeft UIInterfaceOrientationLandscapeRight";
				LD_RUNPATH_SEARCH_PATHS = (
					"$(inherited)",
					"@executable_path/Frameworks",
				);
				MARKETING_VERSION = 1.0;
				OTHER_LDFLAGS = (
					"-Xlinker",
					"-interposable",
				);
				PRODUCT_BUNDLE_IDENTIFIER = f0ursecond.FirstApp;
				PRODUCT_NAME = "$(TARGET_NAME)";
				SWIFT_EMIT_LOC_STRINGS = YES;
				SWIFT_VERSION = 5.0;
				TARGETED_DEVICE_FAMILY = "1,2";
			};
			name = Debug;
		};
		2A6E61FA2BEF2898007AECEE /* Release */ = {
			isa = XCBuildConfiguration;
			buildSettings = {
				ASSETCATALOG_COMPILER_APPICON_NAME = AppIcon;
				ASSETCATALOG_COMPILER_GLOBAL_ACCENT_COLOR_NAME = AccentColor;
				CODE_SIGN_STYLE = Automatic;
				CURRENT_PROJECT_VERSION = 1;
				DEVELOPMENT_ASSET_PATHS = "\"FirstApp/Preview Content\"";
				ENABLE_PREVIEWS = NO;
				GENERATE_INFOPLIST_FILE = YES;
				INFOPLIST_KEY_UIApplicationSceneManifest_Generation = YES;
				INFOPLIST_KEY_UIApplicationSupportsIndirectInputEvents = YES;
				INFOPLIST_KEY_UILaunchScreen_Generation = YES;
				INFOPLIST_KEY_UISupportedInterfaceOrientations_iPad = "UIInterfaceOrientationPortrait UIInterfaceOrientationPortraitUpsideDown UIInterfaceOrientationLandscapeLeft UIInterfaceOrientationLandscapeRight";
				INFOPLIST_KEY_UISupportedInterfaceOrientations_iPhone = "UIInterfaceOrientationPortrait UIInterfaceOrientationLandscapeLeft UIInterfaceOrientationLandscapeRight";
				LD_RUNPATH_SEARCH_PATHS = (
					"$(inherited)",
					"@executable_path/Frameworks",
				);
				MARKETING_VERSION = 1.0;
				OTHER_LDFLAGS = "";
				PRODUCT_BUNDLE_IDENTIFIER = f0ursecond.FirstApp;
				PRODUCT_NAME = "$(TARGET_NAME)";
				SWIFT_EMIT_LOC_STRINGS = YES;
				SWIFT_VERSION = 5.0;
				TARGETED_DEVICE_FAMILY = "1,2";
			};
			name = Release;
		};
		2A6E61FC2BEF2898007AECEE /* Debug */ = {
			isa = XCBuildConfiguration;
			buildSettings = {
				ALWAYS_EMBED_SWIFT_STANDARD_LIBRARIES = YES;
				BUNDLE_LOADER = "$(TEST_HOST)";
				CODE_SIGN_STYLE = Automatic;
				CURRENT_PROJECT_VERSION = 1;
				GENERATE_INFOPLIST_FILE = YES;
				IPHONEOS_DEPLOYMENT_TARGET = 17.4;
				MARKETING_VERSION = 1.0;
				PRODUCT_BUNDLE_IDENTIFIER = f0ursecond.FirstAppTests;
				PRODUCT_NAME = "$(TARGET_NAME)";
				SWIFT_EMIT_LOC_STRINGS = NO;
				SWIFT_VERSION = 5.0;
				TARGETED_DEVICE_FAMILY = "1,2";
				TEST_HOST = "$(BUILT_PRODUCTS_DIR)/FirstApp.app/$(BUNDLE_EXECUTABLE_FOLDER_PATH)/FirstApp";
			};
			name = Debug;
		};
		2A6E61FD2BEF2898007AECEE /* Release */ = {
			isa = XCBuildConfiguration;
			buildSettings = {
				ALWAYS_EMBED_SWIFT_STANDARD_LIBRARIES = YES;
				BUNDLE_LOADER = "$(TEST_HOST)";
				CODE_SIGN_STYLE = Automatic;
				CURRENT_PROJECT_VERSION = 1;
				GENERATE_INFOPLIST_FILE = YES;
				IPHONEOS_DEPLOYMENT_TARGET = 17.4;
				MARKETING_VERSION = 1.0;
				PRODUCT_BUNDLE_IDENTIFIER = f0ursecond.FirstAppTests;
				PRODUCT_NAME = "$(TARGET_NAME)";
				SWIFT_EMIT_LOC_STRINGS = NO;
				SWIFT_VERSION = 5.0;
				TARGETED_DEVICE_FAMILY = "1,2";
				TEST_HOST = "$(BUILT_PRODUCTS_DIR)/FirstApp.app/$(BUNDLE_EXECUTABLE_FOLDER_PATH)/FirstApp";
			};
			name = Release;
		};
		2A6E61FF2BEF2898007AECEE /* Debug */ = {
			isa = XCBuildConfiguration;
			buildSettings = {
				ALWAYS_EMBED_SWIFT_STANDARD_LIBRARIES = YES;
				CODE_SIGN_STYLE = Automatic;
				CURRENT_PROJECT_VERSION = 1;
				GENERATE_INFOPLIST_FILE = YES;
				MARKETING_VERSION = 1.0;
				PRODUCT_BUNDLE_IDENTIFIER = f0ursecond.FirstAppUITests;
				PRODUCT_NAME = "$(TARGET_NAME)";
				SWIFT_EMIT_LOC_STRINGS = NO;
				SWIFT_VERSION = 5.0;
				TARGETED_DEVICE_FAMILY = "1,2";
				TEST_TARGET_NAME = FirstApp;
			};
			name = Debug;
		};
		2A6E62002BEF2898007AECEE /* Release */ = {
			isa = XCBuildConfiguration;
			buildSettings = {
				ALWAYS_EMBED_SWIFT_STANDARD_LIBRARIES = YES;
				CODE_SIGN_STYLE = Automatic;
				CURRENT_PROJECT_VERSION = 1;
				GENERATE_INFOPLIST_FILE = YES;
				MARKETING_VERSION = 1.0;
				PRODUCT_BUNDLE_IDENTIFIER = f0ursecond.FirstAppUITests;
				PRODUCT_NAME = "$(TARGET_NAME)";
				SWIFT_EMIT_LOC_STRINGS = NO;
				SWIFT_VERSION = 5.0;
				TARGETED_DEVICE_FAMILY = "1,2";
				TEST_TARGET_NAME = FirstApp;
			};
			name = Release;
		};
/* End XCBuildConfiguration section */

/* Begin XCConfigurationList section */
		2A6E61CF2BEF2897007AECEE /* Build configuration list for PBXProject "FirstApp" */ = {
			isa = XCConfigurationList;
			buildConfigurations = (
				2A6E61F62BEF2898007AECEE /* Debug */,
				2A6E61F72BEF2898007AECEE /* Release */,
			);
			defaultConfigurationIsVisible = 0;
			defaultConfigurationName = Release;
		};
		2A6E61F82BEF2898007AECEE /* Build configuration list for PBXNativeTarget "FirstApp" */ = {
			isa = XCConfigurationList;
			buildConfigurations = (
				2A6E61F92BEF2898007AECEE /* Debug */,
				2A6E61FA2BEF2898007AECEE /* Release */,
			);
			defaultConfigurationIsVisible = 0;
			defaultConfigurationName = Release;
		};
		2A6E61FB2BEF2898007AECEE /* Build configuration list for PBXNativeTarget "FirstAppTests" */ = {
			isa = XCConfigurationList;
			buildConfigurations = (
				2A6E61FC2BEF2898007AECEE /* Debug */,
				2A6E61FD2BEF2898007AECEE /* Release */,
			);
			defaultConfigurationIsVisible = 0;
			defaultConfigurationName = Release;
		};
		2A6E61FE2BEF2898007AECEE /* Build configuration list for PBXNativeTarget "FirstAppUITests" */ = {
			isa = XCConfigurationList;
			buildConfigurations = (
				2A6E61FF2BEF2898007AECEE /* Debug */,
				2A6E62002BEF2898007AECEE /* Release */,
			);
			defaultConfigurationIsVisible = 0;
			defaultConfigurationName = Release;
		};
/* End XCConfigurationList section */

/* Begin XCRemoteSwiftPackageReference section */
		2A44B0F62C21A65E007CA6D7 /* XCRemoteSwiftPackageReference "Alamofire" */ = {
			isa = XCRemoteSwiftPackageReference;
			repositoryURL = "https://github.com/Alamofire/Alamofire";
			requirement = {
				kind = upToNextMajorVersion;
				minimumVersion = 5.9.1;
			};
		};
		2AB177552BEF455400BDAB45 /* XCRemoteSwiftPackageReference "Inject" */ = {
			isa = XCRemoteSwiftPackageReference;
			repositoryURL = "https://github.com/krzysztofzablocki/Inject.git";
			requirement = {
				kind = upToNextMajorVersion;
				minimumVersion = 1.5.0;
			};
		};
		2ABF26852BF08A0300E167F2 /* XCRemoteSwiftPackageReference "SwiftSVG" */ = {
			isa = XCRemoteSwiftPackageReference;
			repositoryURL = "https://github.com/mchoe/SwiftSVG";
			requirement = {
				branch = master;
				kind = branch;
			};
		};
/* End XCRemoteSwiftPackageReference section */

/* Begin XCSwiftPackageProductDependency section */
		2A44B0F72C21A65E007CA6D7 /* Alamofire */ = {
			isa = XCSwiftPackageProductDependency;
			package = 2A44B0F62C21A65E007CA6D7 /* XCRemoteSwiftPackageReference "Alamofire" */;
			productName = Alamofire;
		};
		2A44B0F92C21A65E007CA6D7 /* AlamofireDynamic */ = {
			isa = XCSwiftPackageProductDependency;
			package = 2A44B0F62C21A65E007CA6D7 /* XCRemoteSwiftPackageReference "Alamofire" */;
			productName = AlamofireDynamic;
		};
		2AB177562BEF455400BDAB45 /* Inject */ = {
			isa = XCSwiftPackageProductDependency;
			package = 2AB177552BEF455400BDAB45 /* XCRemoteSwiftPackageReference "Inject" */;
			productName = Inject;
		};
		2ABF26862BF08A0300E167F2 /* SwiftSVG */ = {
			isa = XCSwiftPackageProductDependency;
			package = 2ABF26852BF08A0300E167F2 /* XCRemoteSwiftPackageReference "SwiftSVG" */;
			productName = SwiftSVG;
		};
/* End XCSwiftPackageProductDependency section */
	};
	rootObject = 2A6E61CC2BEF2897007AECEE /* Project object */;
}
